PODS:
  - Alamofire (4.5.1)
  - AlamofireObjectMapper (5.0.0):
    - Alamofire (~> 4.1)
    - ObjectMapper (~> 3.0)
  - ElasticSearchQuery (0.1.0):
    - Alamofire
    - AlamofireObjectMapper
  - ObjectMapper (3.0.0)

DEPENDENCIES:
  - Alamofire
  - AlamofireObjectMapper
  - ElasticSearchQuery (from `../`)

EXTERNAL SOURCES:
  ElasticSearchQuery:
    :path: ../

SPEC CHECKSUMS:
  Alamofire: 2d95912bf4c34f164fdfc335872e8c312acaea4a
  AlamofireObjectMapper: 5fafc816351cbbc0d486611aaeba7461c0cbad49
  ElasticSearchQuery: e2efc37cdda403c18b3cc67f1272f10db99b4aa6
  ObjectMapper: 92230db59bf8f341a5c3a3cf0b9fbdde3cf0d87f

PODFILE CHECKSUM: ca908b59f23489dc191759dcb4fc6e6d213cd206

COCOAPODS: 1.3.1
